
Microsoft Visual Studio Solution File, Format Version 12.00
# Visual Studio Version 16
VisualStudioVersion = 16.0.31205.134
MinimumVisualStudioVersion = 10.0.40219.1
Project("{FAE04EC0-301F-11D3-BF4B-00C04F79EFBC}") = "WorkPilot", "WorkPilot\WorkPilot.csproj", "{C0A293BD-582E-4AA7-A136-CB3ECED5C66B}"
EndProject
Global
	GlobalSection(SolutionConfigurationPlatforms) = preSolution
		Debug|Any CPU = Debug|Any CPU
		Release|Any CPU = Release|Any CPU
	EndGlobalSection
	GlobalSection(ProjectConfigurationPlatforms) = postSolution
		{C0A293BD-582E-4AA7-A136-CB3ECED5C66B}.Debug|Any CPU.ActiveCfg = Debug|Any CPU
		{C0A293BD-582E-4AA7-A136-CB3ECED5C66B}.Debug|Any CPU.Build.0 = Debug|Any CPU
		{C0A293BD-582E-4AA7-A136-CB3ECED5C66B}.Release|Any CPU.ActiveCfg = Release|Any CPU
		{C0A293BD-582E-4AA7-A136-CB3ECED5C66B}.Release|Any CPU.Build.0 = Release|Any CPU
	EndGlobalSection
	GlobalSection(SolutionProperties) = preSolution
		HideSolutionNode = FALSE
	EndGlobalSection
	GlobalSection(ExtensibilityGlobals) = postSolution
		SolutionGuid = {848B15E1-F80B-4BAC-9296-01B93F29CBC6}
	EndGlobalSection
EndGlobal
